
Microsoft Visual Studio Solution File, Format Version 12.00
# Visual Studio Version 16
VisualStudioVersion = 16.0.29709.97
MinimumVisualStudioVersion = 10.0.40219.1
Project("{9A19103F-16F7-4668-BE54-9A1E7A4F7556}") = "bot_api", "bot_api\bot_api.csproj", "{47A482B4-931C-45A0-B4C9-543F4F00D29A}"
EndProject
Global
	GlobalSection(SolutionConfigurationPlatforms) = preSolution
		Debug|Any CPU = Debug|Any CPU
		Release|Any CPU = Release|Any CPU
	EndGlobalSection
	GlobalSection(ProjectConfigurationPlatforms) = postSolution
		{47A482B4-931C-45A0-B4C9-543F4F00D29A}.Debug|Any CPU.ActiveCfg = Debug|Any CPU
		{47A482B4-931C-45A0-B4C9-543F4F00D29A}.Debug|Any CPU.Build.0 = Debug|Any CPU
		{47A482B4-931C-45A0-B4C9-543F4F00D29A}.Release|Any CPU.ActiveCfg = Release|Any CPU
		{47A482B4-931C-45A0-B4C9-543F4F00D29A}.Release|Any CPU.Build.0 = Release|Any CPU
	EndGlobalSection
	GlobalSection(SolutionProperties) = preSolution
		HideSolutionNode = FALSE
	EndGlobalSection
	GlobalSection(ExtensibilityGlobals) = postSolution
		SolutionGuid = {B408F4A5-B61A-4178-B2EE-9833456706C0}
	EndGlobalSection
EndGlobal
